# yarn lockfile v1


express@^4.17.1:
  version "4.17.1"
  resolved "https://registry.yarnpkg.com/express/-/express-4.17.1.tgz#a"
  dependencies:
    body-parser "1.19.0"
    ms "2.0.0"

body-parser@1.19.0:
  version "1.19.0"
  resolved "https://registry.yarnpkg.com/body-parser/-/body-parser-1.19.0.tgz#b"
  dependencies:
    ms "2.0.0"

vite@^5.0.0:
  version "5.0.0"
  resolved "https://registry.yarnpkg.com/vite/-/vite-5.0.0.tgz#c"
  dependencies:
    ms "2.0.0"

ms@2.0.0:
  version "2.0.0"
  resolved "https://registry.yarnpkg.com/ms/-/ms-2.0.0.tgz#d"
