{
  "name": "npm-basic",
  "version": "0.0.0",
  "lockfileVersion": 3,
  "packages": {
    "": { "dependencies": { "postcss": "8.5.15" } },
    "node_modules/postcss": { "version": "8.5.15" },
    "node_modules/@esbuild-kit/core-utils": { "version": "3.3.2" },
    "node_modules/tsx/node_modules/esbuild": { "version": "0.28.0" }
  }
}
