{
  "lockfileVersion": 1,
  "workspaces": {
    "": { "name": "root", "dependencies": { "express": "^4.17.1" } },
    "apps/web": { "name": "@acme/web", "dependencies": { "vite": "^5.0.0", "next": "^15.0.0" } }
  },
  "packages": {
    "express": ["express@4.17.1", "", { "dependencies": { "body-parser": "1.19.0", "ms": "2.0.0" } }, "sha512-e"],
    "body-parser": ["body-parser@1.19.0", "", { "dependencies": { "ms": "2.0.0" } }, "sha512-b"],
    "ms": ["ms@2.0.0", "", {}, "sha512-m"],
    "@acme/web": ["@acme/web@workspace:apps/web", "", {}, ""],
    "vite": ["vite@5.0.0", "", { "dependencies": { "ms": "2.0.0", "postcss": "^8.5.0" } }, "sha512-v"],
    "next": ["next@15.0.0", "", { "dependencies": { "postcss": "8.4.31" } }, "sha512-n"],
    "next/postcss": ["postcss@8.4.31", "", {}, "sha512-p1"],
    "postcss": ["postcss@8.5.15", "", {}, "sha512-p2"]
  }
}
